
Microsoft Visual Studio Solution File, Format Version 12.00
# Visual Studio Version 16
VisualStudioVersion = 16.0.30503.244
MinimumVisualStudioVersion = 10.0.40219.1
Project("{9A19103F-16F7-4668-BE54-9A1E7A4F7556}") = "tiny-t4", "tiny-t4.csproj", "{1B176C32-3BFA-4672-85D3-55D003442B10}"
EndProject
Global
	GlobalSection(SolutionConfigurationPlatforms) = preSolution
		Debug|Any CPU = Debug|Any CPU
		Release|Any CPU = Release|Any CPU
	EndGlobalSection
	GlobalSection(ProjectConfigurationPlatforms) = postSolution
		{1B176C32-3BFA-4672-85D3-55D003442B10}.Debug|Any CPU.ActiveCfg = Debug|Any CPU
		{1B176C32-3BFA-4672-85D3-55D003442B10}.Debug|Any CPU.Build.0 = Debug|Any CPU
		{1B176C32-3BFA-4672-85D3-55D003442B10}.Release|Any CPU.ActiveCfg = Release|Any CPU
		{1B176C32-3BFA-4672-85D3-55D003442B10}.Release|Any CPU.Build.0 = Release|Any CPU
	EndGlobalSection
	GlobalSection(SolutionProperties) = preSolution
		HideSolutionNode = FALSE
	EndGlobalSection
	GlobalSection(ExtensibilityGlobals) = postSolution
		SolutionGuid = {A65477B2-86D0-4D62-B495-7860D5D01032}
	EndGlobalSection
EndGlobal
